// !$*UTF8*$!
{
	archiveVersion = 1;
	classes = {
	};
	objectVersion = 46;
	objects = {

/* Begin PBXBuildFile section */
		3DAF245719F793A700150A35 /* main.m in Sources */ = {isa = PBXBuildFile; fileRef = 3DAF245619F793A700150A35 /* main.m */; };
		3DAF245A19F793A700150A35 /* AppDelegate.m in Sources */ = {isa = PBXBuildFile; fileRef = 3DAF245919F793A700150A35 /* AppDelegate.m */; };
		3DAF246219F793A700150A35 /* Images.xcassets in Resources */ = {isa = PBXBuildFile; fileRef = 3DAF246119F793A700150A35 /* Images.xcassets */; };
		3DAF247119F793A700150A35 /* TapNumberTests.m in Sources */ = {isa = PBXBuildFile; fileRef = 3DAF247019F793A700150A35 /* TapNumberTests.m */; };
		3DAF247D19F7945C00150A35 /* TopView.m in Sources */ = {isa = PBXBuildFile; fileRef = 3DAF247C19F7945C00150A35 /* TopView.m */; };
		3DAF248119F79EDD00150A35 /* TopViewController.m in Sources */ = {isa = PBXBuildFile; fileRef = 3DAF248019F79EDD00150A35 /* TopViewController.m */; };
		3DAF248419F79F2100150A35 /* GameViewController.m in Sources */ = {isa = PBXBuildFile; fileRef = 3DAF248319F79F2100150A35 /* GameViewController.m */; };
		3DAF248719F79FB500150A35 /* GameView.m in Sources */ = {isa = PBXBuildFile; fileRef = 3DAF248619F79FB500150A35 /* GameView.m */; };
		3DAF248F19F7AE4400150A35 /* ruby.png in Resources */ = {isa = PBXBuildFile; fileRef = 3DAF248E19F7AE4400150A35 /* ruby.png */; };
		3DD72D3819F8FE9E002B7BDE /* TimerModel.m in Sources */ = {isa = PBXBuildFile; fileRef = 3DD72D3719F8FE9E002B7BDE /* TimerModel.m */; };
/* End PBXBuildFile section */

/* Begin PBXContainerItemProxy section */
		3DAF246B19F793A700150A35 /* PBXContainerItemProxy */ = {
			isa = PBXContainerItemProxy;
			containerPortal = 3DAF244919F793A700150A35 /* Project object */;
			proxyType = 1;
			remoteGlobalIDString = 3DAF245019F793A700150A35;
			remoteInfo = TapNumber;
		};
/* End PBXContainerItemProxy section */

/* Begin PBXFileReference section */
		3DAF245119F793A700150A35 /* TapNumber.app */ = {isa = PBXFileReference; explicitFileType = wrapper.application; includeInIndex = 0; path = TapNumber.app; sourceTree = BUILT_PRODUCTS_DIR; };
		3DAF245519F793A700150A35 /* Info.plist */ = {isa = PBXFileReference; lastKnownFileType = text.plist.xml; path = Info.plist; sourceTree = "<group>"; };
		3DAF245619F793A700150A35 /* main.m */ = {isa = PBXFileReference; lastKnownFileType = sourcecode.c.objc; path = main.m; sourceTree = "<group>"; };
		3DAF245819F793A700150A35 /* AppDelegate.h */ = {isa = PBXFileReference; lastKnownFileType = sourcecode.c.h; path = AppDelegate.h; sourceTree = "<group>"; };
		3DAF245919F793A700150A35 /* AppDelegate.m */ = {isa = PBXFileReference; lastKnownFileType = sourcecode.c.objc; path = AppDelegate.m; sourceTree = "<group>"; };
		3DAF246119F793A700150A35 /* Images.xcassets */ = {isa = PBXFileReference; lastKnownFileType = folder.assetcatalog; path = Images.xcassets; sourceTree = "<group>"; };
		3DAF246A19F793A700150A35 /* TapNumberTests.xctest */ = {isa = PBXFileReference; explicitFileType = wrapper.cfbundle; includeInIndex = 0; path = TapNumberTests.xctest; sourceTree = BUILT_PRODUCTS_DIR; };
		3DAF246F19F793A700150A35 /* Info.plist */ = {isa = PBXFileReference; lastKnownFileType = text.plist.xml; path = Info.plist; sourceTree = "<group>"; };
		3DAF247019F793A700150A35 /* TapNumberTests.m */ = {isa = PBXFileReference; lastKnownFileType = sourcecode.c.objc; path = TapNumberTests.m; sourceTree = "<group>"; };
		3DAF247B19F7945C00150A35 /* TopView.h */ = {isa = PBXFileReference; fileEncoding = 4; lastKnownFileType = sourcecode.c.h; name = TopView.h; path = TapNumber/View/TopView.h; sourceTree = "<group>"; };
		3DAF247C19F7945C00150A35 /* TopView.m */ = {isa = PBXFileReference; fileEncoding = 4; lastKnownFileType = sourcecode.c.objc; name = TopView.m; path = TapNumber/View/TopView.m; sourceTree = "<group>"; };
		3DAF247F19F79EDD00150A35 /* TopViewController.h */ = {isa = PBXFileReference; fileEncoding = 4; lastKnownFileType = sourcecode.c.h; name = TopViewController.h; path = ViewController/TopViewController.h; sourceTree = "<group>"; };
		3DAF248019F79EDD00150A35 /* TopViewController.m */ = {isa = PBXFileReference; fileEncoding = 4; lastKnownFileType = sourcecode.c.objc; name = TopViewController.m; path = ViewController/TopViewController.m; sourceTree = "<group>"; };
		3DAF248219F79F2100150A35 /* GameViewController.h */ = {isa = PBXFileReference; fileEncoding = 4; lastKnownFileType = sourcecode.c.h; name = GameViewController.h; path = ViewController/GameViewController.h; sourceTree = "<group>"; };
		3DAF248319F79F2100150A35 /* GameViewController.m */ = {isa = PBXFileReference; fileEncoding = 4; lastKnownFileType = sourcecode.c.objc; name = GameViewController.m; path = ViewController/GameViewController.m; sourceTree = "<group>"; };
		3DAF248519F79FB500150A35 /* GameView.h */ = {isa = PBXFileReference; fileEncoding = 4; lastKnownFileType = sourcecode.c.h; name = GameView.h; path = TapNumber/View/GameView.h; sourceTree = "<group>"; };
		3DAF248619F79FB500150A35 /* GameView.m */ = {isa = PBXFileReference; fileEncoding = 4; lastKnownFileType = sourcecode.c.objc; name = GameView.m; path = TapNumber/View/GameView.m; sourceTree = "<group>"; };
		3DAF248E19F7AE4400150A35 /* ruby.png */ = {isa = PBXFileReference; lastKnownFileType = image.png; name = ruby.png; path = Images/ruby.png; sourceTree = "<group>"; };
		3DD72D3619F8FE9E002B7BDE /* TimerModel.h */ = {isa = PBXFileReference; fileEncoding = 4; lastKnownFileType = sourcecode.c.h; name = TimerModel.h; path = Model/TimerModel.h; sourceTree = "<group>"; };
		3DD72D3719F8FE9E002B7BDE /* TimerModel.m */ = {isa = PBXFileReference; fileEncoding = 4; lastKnownFileType = sourcecode.c.objc; name = TimerModel.m; path = Model/TimerModel.m; sourceTree = "<group>"; };
/* End PBXFileReference section */

/* Begin PBXFrameworksBuildPhase section */
		3DAF244E19F793A700150A35 /* Frameworks */ = {
			isa = PBXFrameworksBuildPhase;
			buildActionMask = 2147483647;
			files = (
			);
			runOnlyForDeploymentPostprocessing = 0;
		};
		3DAF246719F793A700150A35 /* Frameworks */ = {
			isa = PBXFrameworksBuildPhase;
			buildActionMask = 2147483647;
			files = (
			);
			runOnlyForDeploymentPostprocessing = 0;
		};
/* End PBXFrameworksBuildPhase section */

/* Begin PBXGroup section */
		3DAF244819F793A700150A35 = {
			isa = PBXGroup;
			children = (
				3DAF245319F793A700150A35 /* TapNumber */,
				3DAF246D19F793A700150A35 /* TapNumberTests */,
				3DAF245219F793A700150A35 /* Products */,
			);
			sourceTree = "<group>";
		};
		3DAF245219F793A700150A35 /* Products */ = {
			isa = PBXGroup;
			children = (
				3DAF245119F793A700150A35 /* TapNumber.app */,
				3DAF246A19F793A700150A35 /* TapNumberTests.xctest */,
			);
			name = Products;
			sourceTree = "<group>";
		};
		3DAF245319F793A700150A35 /* TapNumber */ = {
			isa = PBXGroup;
			children = (
				3DAF248B19F7A4FB00150A35 /* Model */,
				3DAF247E19F79EA800150A35 /* ViewController */,
				3DAF247A19F7940000150A35 /* View */,
				3DAF245819F793A700150A35 /* AppDelegate.h */,
				3DAF245919F793A700150A35 /* AppDelegate.m */,
				3DAF246119F793A700150A35 /* Images.xcassets */,
				3DAF245419F793A700150A35 /* Supporting Files */,
			);
			path = TapNumber;
			sourceTree = "<group>";
		};
		3DAF245419F793A700150A35 /* Supporting Files */ = {
			isa = PBXGroup;
			children = (
				3DAF248819F7A16200150A35 /* Images */,
				3DAF245519F793A700150A35 /* Info.plist */,
				3DAF245619F793A700150A35 /* main.m */,
			);
			name = "Supporting Files";
			sourceTree = "<group>";
		};
		3DAF246D19F793A700150A35 /* TapNumberTests */ = {
			isa = PBXGroup;
			children = (
				3DAF247019F793A700150A35 /* TapNumberTests.m */,
				3DAF246E19F793A700150A35 /* Supporting Files */,
			);
			path = TapNumberTests;
			sourceTree = "<group>";
		};
		3DAF246E19F793A700150A35 /* Supporting Files */ = {
			isa = PBXGroup;
			children = (
				3DAF246F19F793A700150A35 /* Info.plist */,
			);
			name = "Supporting Files";
			sourceTree = "<group>";
		};
		3DAF247A19F7940000150A35 /* View */ = {
			isa = PBXGroup;
			children = (
				3DAF247B19F7945C00150A35 /* TopView.h */,
				3DAF247C19F7945C00150A35 /* TopView.m */,
				3DAF248519F79FB500150A35 /* GameView.h */,
				3DAF248619F79FB500150A35 /* GameView.m */,
			);
			name = View;
			path = ..;
			sourceTree = "<group>";
		};
		3DAF247E19F79EA800150A35 /* ViewController */ = {
			isa = PBXGroup;
			children = (
				3DAF247F19F79EDD00150A35 /* TopViewController.h */,
				3DAF248019F79EDD00150A35 /* TopViewController.m */,
				3DAF248219F79F2100150A35 /* GameViewController.h */,
				3DAF248319F79F2100150A35 /* GameViewController.m */,
			);
			name = ViewController;
			sourceTree = "<group>";
		};
		3DAF248819F7A16200150A35 /* Images */ = {
			isa = PBXGroup;
			children = (
				3DAF248E19F7AE4400150A35 /* ruby.png */,
			);
			name = Images;
			sourceTree = "<group>";
		};
		3DAF248B19F7A4FB00150A35 /* Model */ = {
			isa = PBXGroup;
			children = (
				3DD72D3619F8FE9E002B7BDE /* TimerModel.h */,
				3DD72D3719F8FE9E002B7BDE /* TimerModel.m */,
			);
			name = Model;
			sourceTree = "<group>";
		};
/* End PBXGroup section */

/* Begin PBXNativeTarget section */
		3DAF245019F793A700150A35 /* TapNumber */ = {
			isa = PBXNativeTarget;
			buildConfigurationList = 3DAF247419F793A700150A35 /* Build configuration list for PBXNativeTarget "TapNumber" */;
			buildPhases = (
				3DAF244D19F793A700150A35 /* Sources */,
				3DAF244E19F793A700150A35 /* Frameworks */,
				3DAF244F19F793A700150A35 /* Resources */,
			);
			buildRules = (
			);
			dependencies = (
			);
			name = TapNumber;
			productName = TapNumber;
			productReference = 3DAF245119F793A700150A35 /* TapNumber.app */;
			productType = "com.apple.product-type.application";
		};
		3DAF246919F793A700150A35 /* TapNumberTests */ = {
			isa = PBXNativeTarget;
			buildConfigurationList = 3DAF247719F793A700150A35 /* Build configuration list for PBXNativeTarget "TapNumberTests" */;
			buildPhases = (
				3DAF246619F793A700150A35 /* Sources */,
				3DAF246719F793A700150A35 /* Frameworks */,
				3DAF246819F793A700150A35 /* Resources */,
			);
			buildRules = (
			);
			dependencies = (
				3DAF246C19F793A700150A35 /* PBXTargetDependency */,
			);
			name = TapNumberTests;
			productName = TapNumberTests;
			productReference = 3DAF246A19F793A700150A35 /* TapNumberTests.xctest */;
			productType = "com.apple.product-type.bundle.unit-test";
		};
/* End PBXNativeTarget section */

/* Begin PBXProject section */
		3DAF244919F793A700150A35 /* Project object */ = {
			isa = PBXProject;
			attributes = {
				LastUpgradeCheck = 0610;
				ORGANIZATIONNAME = Nam;
				TargetAttributes = {
					3DAF245019F793A700150A35 = {
						CreatedOnToolsVersion = 6.1;
					};
					3DAF246919F793A700150A35 = {
						CreatedOnToolsVersion = 6.1;
						TestTargetID = 3DAF245019F793A700150A35;
					};
				};
			};
			buildConfigurationList = 3DAF244C19F793A700150A35 /* Build configuration list for PBXProject "TapNumber" */;
			compatibilityVersion = "Xcode 3.2";
			developmentRegion = English;
			hasScannedForEncodings = 0;
			knownRegions = (
				en,
				Base,
			);
			mainGroup = 3DAF244819F793A700150A35;
			productRefGroup = 3DAF245219F793A700150A35 /* Products */;
			projectDirPath = "";
			projectRoot = "";
			targets = (
				3DAF245019F793A700150A35 /* TapNumber */,
				3DAF246919F793A700150A35 /* TapNumberTests */,
			);
		};
/* End PBXProject section */

/* Begin PBXResourcesBuildPhase section */
		3DAF244F19F793A700150A35 /* Resources */ = {
			isa = PBXResourcesBuildPhase;
			buildActionMask = 2147483647;
			files = (
				3DAF246219F793A700150A35 /* Images.xcassets in Resources */,
				3DAF248F19F7AE4400150A35 /* ruby.png in Resources */,
			);
			runOnlyForDeploymentPostprocessing = 0;
		};
		3DAF246819F793A700150A35 /* Resources */ = {
			isa = PBXResourcesBuildPhase;
			buildActionMask = 2147483647;
			files = (
			);
			runOnlyForDeploymentPostprocessing = 0;
		};
/* End PBXResourcesBuildPhase section */

/* Begin PBXSourcesBuildPhase section */
		3DAF244D19F793A700150A35 /* Sources */ = {
			isa = PBXSourcesBuildPhase;
			buildActionMask = 2147483647;
			files = (
				3DAF248719F79FB500150A35 /* GameView.m in Sources */,
				3DAF248419F79F2100150A35 /* GameViewController.m in Sources */,
				3DAF248119F79EDD00150A35 /* TopViewController.m in Sources */,
				3DAF245A19F793A700150A35 /* AppDelegate.m in Sources */,
				3DAF247D19F7945C00150A35 /* TopView.m in Sources */,
				3DAF245719F793A700150A35 /* main.m in Sources */,
				3DD72D3819F8FE9E002B7BDE /* TimerModel.m in Sources */,
			);
			runOnlyForDeploymentPostprocessing = 0;
		};
		3DAF246619F793A700150A35 /* Sources */ = {
			isa = PBXSourcesBuildPhase;
			buildActionMask = 2147483647;
			files = (
				3DAF247119F793A700150A35 /* TapNumberTests.m in Sources */,
			);
			runOnlyForDeploymentPostprocessing = 0;
		};
/* End PBXSourcesBuildPhase section */

/* Begin PBXTargetDependency section */
		3DAF246C19F793A700150A35 /* PBXTargetDependency */ = {
			isa = PBXTargetDependency;
			target = 3DAF245019F793A700150A35 /* TapNumber */;
			targetProxy = 3DAF246B19F793A700150A35 /* PBXContainerItemProxy */;
		};
/* End PBXTargetDependency section */

/* Begin XCBuildConfiguration section */
		3DAF247219F793A700150A35 /* Debug */ = {
			isa = XCBuildConfiguration;
			buildSettings = {
				ALWAYS_SEARCH_USER_PATHS = NO;
				CLANG_CXX_LANGUAGE_STANDARD = "gnu++0x";
				CLANG_CXX_LIBRARY = "libc++";
				CLANG_ENABLE_MODULES = YES;
				CLANG_ENABLE_OBJC_ARC = YES;
				CLANG_WARN_BOOL_CONVERSION = YES;
				CLANG_WARN_CONSTANT_CONVERSION = YES;
				CLANG_WARN_DIRECT_OBJC_ISA_USAGE = YES_ERROR;
				CLANG_WARN_EMPTY_BODY = YES;
				CLANG_WARN_ENUM_CONVERSION = YES;
				CLANG_WARN_INT_CONVERSION = YES;
				CLANG_WARN_OBJC_ROOT_CLASS = YES_ERROR;
				CLANG_WARN_UNREACHABLE_CODE = YES;
				CLANG_WARN__DUPLICATE_METHOD_MATCH = YES;
				"CODE_SIGN_IDENTITY[sdk=iphoneos*]" = "iPhone Developer";
				COPY_PHASE_STRIP = NO;
				ENABLE_STRICT_OBJC_MSGSEND = YES;
				GCC_C_LANGUAGE_STANDARD = gnu99;
				GCC_DYNAMIC_NO_PIC = NO;
				GCC_OPTIMIZATION_LEVEL = 0;
				GCC_PREPROCESSOR_DEFINITIONS = (
					"DEBUG=1",
					"$(inherited)",
				);
				GCC_SYMBOLS_PRIVATE_EXTERN = NO;
				GCC_WARN_64_TO_32_BIT_CONVERSION = YES;
				GCC_WARN_ABOUT_RETURN_TYPE = YES_ERROR;
				GCC_WARN_UNDECLARED_SELECTOR = YES;
				GCC_WARN_UNINITIALIZED_AUTOS = YES_AGGRESSIVE;
				GCC_WARN_UNUSED_FUNCTION = YES;
				GCC_WARN_UNUSED_VARIABLE = YES;
				IPHONEOS_DEPLOYMENT_TARGET = 8.1;
				MTL_ENABLE_DEBUG_INFO = YES;
				ONLY_ACTIVE_ARCH = YES;
				SDKROOT = iphoneos;
				TARGETED_DEVICE_FAMILY = "1,2";
			};
			name = Debug;
		};
		3DAF247319F793A700150A35 /* Release */ = {
			isa = XCBuildConfiguration;
			buildSettings = {
				ALWAYS_SEARCH_USER_PATHS = NO;
				CLANG_CXX_LANGUAGE_STANDARD = "gnu++0x";
				CLANG_CXX_LIBRARY = "libc++";
				CLANG_ENABLE_MODULES = YES;
				CLANG_ENABLE_OBJC_ARC = YES;
				CLANG_WARN_BOOL_CONVERSION = YES;
				CLANG_WARN_CONSTANT_CONVERSION = YES;
				CLANG_WARN_DIRECT_OBJC_ISA_USAGE = YES_ERROR;
				CLANG_WARN_EMPTY_BODY = YES;
				CLANG_WARN_ENUM_CONVERSION = YES;
				CLANG_WARN_INT_CONVERSION = YES;
				CLANG_WARN_OBJC_ROOT_CLASS = YES_ERROR;
				CLANG_WARN_UNREACHABLE_CODE = YES;
				CLANG_WARN__DUPLICATE_METHOD_MATCH = YES;
				"CODE_SIGN_IDENTITY[sdk=iphoneos*]" = "iPhone Developer";
				COPY_PHASE_STRIP = YES;
				ENABLE_NS_ASSERTIONS = NO;
				ENABLE_STRICT_OBJC_MSGSEND = YES;
				GCC_C_LANGUAGE_STANDARD = gnu99;
				GCC_WARN_64_TO_32_BIT_CONVERSION = YES;
				GCC_WARN_ABOUT_RETURN_TYPE = YES_ERROR;
				GCC_WARN_UNDECLARED_SELECTOR = YES;
				GCC_WARN_UNINITIALIZED_AUTOS = YES_AGGRESSIVE;
				GCC_WARN_UNUSED_FUNCTION = YES;
				GCC_WARN_UNUSED_VARIABLE = YES;
				IPHONEOS_DEPLOYMENT_TARGET = 8.1;
				MTL_ENABLE_DEBUG_INFO = NO;
				SDKROOT = iphoneos;
				TARGETED_DEVICE_FAMILY = "1,2";
				VALIDATE_PRODUCT = YES;
			};
			name = Release;
		};
		3DAF247519F793A700150A35 /* Debug */ = {
			isa = XCBuildConfiguration;
			buildSettings = {
				ASSETCATALOG_COMPILER_APPICON_NAME = AppIcon;
				INFOPLIST_FILE = TapNumber/Info.plist;
				LD_RUNPATH_SEARCH_PATHS = "$(inherited) @executable_path/Frameworks";
				PRODUCT_NAME = "$(TARGET_NAME)";
			};
			name = Debug;
		};
		3DAF247619F793A700150A35 /* Release */ = {
			isa = XCBuildConfiguration;
			buildSettings = {
				ASSETCATALOG_COMPILER_APPICON_NAME = AppIcon;
				INFOPLIST_FILE = TapNumber/Info.plist;
				LD_RUNPATH_SEARCH_PATHS = "$(inherited) @executable_path/Frameworks";
				PRODUCT_NAME = "$(TARGET_NAME)";
			};
			name = Release;
		};
		3DAF247819F793A700150A35 /* Debug */ = {
			isa = XCBuildConfiguration;
			buildSettings = {
				BUNDLE_LOADER = "$(TEST_HOST)";
				FRAMEWORK_SEARCH_PATHS = (
					"$(SDKROOT)/Developer/Library/Frameworks",
					"$(inherited)",
				);
				GCC_PREPROCESSOR_DEFINITIONS = (
					"DEBUG=1",
					"$(inherited)",
				);
				INFOPLIST_FILE = TapNumberTests/Info.plist;
				LD_RUNPATH_SEARCH_PATHS = "$(inherited) @executable_path/Frameworks @loader_path/Frameworks";
				PRODUCT_NAME = "$(TARGET_NAME)";
				TEST_HOST = "$(BUILT_PRODUCTS_DIR)/TapNumber.app/TapNumber";
			};
			name = Debug;
		};
		3DAF247919F793A700150A35 /* Release */ = {
			isa = XCBuildConfiguration;
			buildSettings = {
				BUNDLE_LOADER = "$(TEST_HOST)";
				FRAMEWORK_SEARCH_PATHS = (
					"$(SDKROOT)/Developer/Library/Frameworks",
					"$(inherited)",
				);
				INFOPLIST_FILE = TapNumberTests/Info.plist;
				LD_RUNPATH_SEARCH_PATHS = "$(inherited) @executable_path/Frameworks @loader_path/Frameworks";
				PRODUCT_NAME = "$(TARGET_NAME)";
				TEST_HOST = "$(BUILT_PRODUCTS_DIR)/TapNumber.app/TapNumber";
			};
			name = Release;
		};
/* End XCBuildConfiguration section */

/* Begin XCConfigurationList section */
		3DAF244C19F793A700150A35 /* Build configuration list for PBXProject "TapNumber" */ = {
			isa = XCConfigurationList;
			buildConfigurations = (
				3DAF247219F793A700150A35 /* Debug */,
				3DAF247319F793A700150A35 /* Release */,
			);
			defaultConfigurationIsVisible = 0;
			defaultConfigurationName = Release;
		};
		3DAF247419F793A700150A35 /* Build configuration list for PBXNativeTarget "TapNumber" */ = {
			isa = XCConfigurationList;
			buildConfigurations = (
				3DAF247519F793A700150A35 /* Debug */,
				3DAF247619F793A700150A35 /* Release */,
			);
			defaultConfigurationIsVisible = 0;
			defaultConfigurationName = Release;
		};
		3DAF247719F793A700150A35 /* Build configuration list for PBXNativeTarget "TapNumberTests" */ = {
			isa = XCConfigurationList;
			buildConfigurations = (
				3DAF247819F793A700150A35 /* Debug */,
				3DAF247919F793A700150A35 /* Release */,
			);
			defaultConfigurationIsVisible = 0;
			defaultConfigurationName = Release;
		};
/* End XCConfigurationList section */
	};
	rootObject = 3DAF244919F793A700150A35 /* Project object */;
}
